
Microsoft Visual Studio Solution File, Format Version 12.00
# Visual Studio Version 16
VisualStudioVersion = 16.0.30114.105
MinimumVisualStudioVersion = 10.0.40219.1
Project("{FAE04EC0-301F-11D3-BF4B-00C04F79EFBC}") = "AsciiArt", "AsciiArt\AsciiArt.csproj", "{8EFFD018-9FC3-4DCF-8282-17F8247DE170}"
EndProject
Global
	GlobalSection(SolutionConfigurationPlatforms) = preSolution
		Debug|Any CPU = Debug|Any CPU
		Release|Any CPU = Release|Any CPU
	EndGlobalSection
	GlobalSection(ProjectConfigurationPlatforms) = postSolution
		{8EFFD018-9FC3-4DCF-8282-17F8247DE170}.Debug|Any CPU.ActiveCfg = Debug|Any CPU
		{8EFFD018-9FC3-4DCF-8282-17F8247DE170}.Debug|Any CPU.Build.0 = Debug|Any CPU
		{8EFFD018-9FC3-4DCF-8282-17F8247DE170}.Release|Any CPU.ActiveCfg = Release|Any CPU
		{8EFFD018-9FC3-4DCF-8282-17F8247DE170}.Release|Any CPU.Build.0 = Release|Any CPU
	EndGlobalSection
	GlobalSection(SolutionProperties) = preSolution
		HideSolutionNode = FALSE
	EndGlobalSection
	GlobalSection(ExtensibilityGlobals) = postSolution
		SolutionGuid = {9DAA9A48-05D1-4787-9E62-C0B0168F091E}
	EndGlobalSection
EndGlobal
